
Microsoft Visual Studio Solution File, Format Version 12.00
# Visual Studio Version 17
VisualStudioVersion = 17.6.33815.320
MinimumVisualStudioVersion = 10.0.40219.1
Project("{9A19103F-16F7-4668-BE54-9A1E7A4F7556}") = "LibraryFluentAPI", "LibraryFluentAPI\LibraryFluentAPI.csproj", "{EEB7E5ED-AEC0-4DE4-96A6-B6B10C9E28F3}"
EndProject
Project("{FAE04EC0-301F-11D3-BF4B-00C04F79EFBC}") = "LibDataBase2", "LibDataBase2\LibDataBase2.csproj", "{022EC86F-744C-48D1-9093-0268B22CDB1C}"
EndProject
Global
	GlobalSection(SolutionConfigurationPlatforms) = preSolution
		Debug|Any CPU = Debug|Any CPU
		Release|Any CPU = Release|Any CPU
	EndGlobalSection
	GlobalSection(ProjectConfigurationPlatforms) = postSolution
		{EEB7E5ED-AEC0-4DE4-96A6-B6B10C9E28F3}.Debug|Any CPU.ActiveCfg = Debug|Any CPU
		{EEB7E5ED-AEC0-4DE4-96A6-B6B10C9E28F3}.Debug|Any CPU.Build.0 = Debug|Any CPU
		{EEB7E5ED-AEC0-4DE4-96A6-B6B10C9E28F3}.Release|Any CPU.ActiveCfg = Release|Any CPU
		{EEB7E5ED-AEC0-4DE4-96A6-B6B10C9E28F3}.Release|Any CPU.Build.0 = Release|Any CPU
		{022EC86F-744C-48D1-9093-0268B22CDB1C}.Debug|Any CPU.ActiveCfg = Debug|Any CPU
		{022EC86F-744C-48D1-9093-0268B22CDB1C}.Debug|Any CPU.Build.0 = Debug|Any CPU
		{022EC86F-744C-48D1-9093-0268B22CDB1C}.Release|Any CPU.ActiveCfg = Release|Any CPU
		{022EC86F-744C-48D1-9093-0268B22CDB1C}.Release|Any CPU.Build.0 = Release|Any CPU
	EndGlobalSection
	GlobalSection(SolutionProperties) = preSolution
		HideSolutionNode = FALSE
	EndGlobalSection
	GlobalSection(ExtensibilityGlobals) = postSolution
		SolutionGuid = {C0294C72-E8C4-4661-9365-A50B58D9AB52}
	EndGlobalSection
EndGlobal
